{
    "_readme": [
        "This file locks the dependencies of your project to a known state",
        "Read more about it at https://getcomposer.org/doc/01-basic-usage.md#composer-lock-the-lock-file",
        "This file is @generated automatically"
    ],
    "hash": "d973a09dc593ed001cc59e37a85e3af4",
    "packages": [
        {
            "name": "jlawrence/eos",
            "version": "v3.2.0",
            "source": {
                "type": "git",
                "url": "https://github.com/jlawrence11/eos.git",
                "reference": "334411025b1049b0f5988c95e7af0604c2af8230"
            },
            "dist": {
                "type": "zip",
                "url": "https://api.github.com/repos/jlawrence11/eos/zipball/334411025b1049b0f5988c95e7af0604c2af8230",
                "reference": "334411025b1049b0f5988c95e7af0604c2af8230",
                "shasum": ""
            },
            "type": "library",
            "autoload": {
                "psr-4": {
                    "jlawrence\\eos\\": "src/"
                }
            },
            "notification-url": "https://packagist.org/downloads/",
            "license": [
                "LGPL-2.1+"
            ],
            "authors": [
                {
                    "name": "Jon Lawrence",
                    "email": "jon@jon-lawrence.com"
                }
            ],
            "description": "Parse and solve math equations without using 'eval()'.",
            "keywords": [
                "eos",
                "equations",
                "math",
                "solve"
            ],
            "time": "2015-07-27 20:35:31"
        }
    ],
    "packages-dev": [],
    "aliases": [],
    "minimum-stability": "stable",
    "stability-flags": [],
    "prefer-stable": false,
    "prefer-lowest": false,
    "platform": [],
    "platform-dev": []
}
